
Microsoft Visual Studio Solution File, Format Version 12.00
# Visual Studio 15
VisualStudioVersion = 15.0.28010.2036
MinimumVisualStudioVersion = 10.0.40219.1
Project("{FAE04EC0-301F-11D3-BF4B-00C04F79EFBC}") = "02_shape", "02_shape\02_shape.csproj", "{9508BA2E-7C9F-4444-833F-687584EBE10D}"
EndProject
Project("{FAE04EC0-301F-11D3-BF4B-00C04F79EFBC}") = "Test_Access", "Test_Access\Test_Access.csproj", "{CE319749-487E-49F9-BB33-188BC429D407}"
EndProject
Global
	GlobalSection(SolutionConfigurationPlatforms) = preSolution
		Debug|Any CPU = Debug|Any CPU
		Release|Any CPU = Release|Any CPU
	EndGlobalSection
	GlobalSection(ProjectConfigurationPlatforms) = postSolution
		{9508BA2E-7C9F-4444-833F-687584EBE10D}.Debug|Any CPU.ActiveCfg = Debug|Any CPU
		{9508BA2E-7C9F-4444-833F-687584EBE10D}.Debug|Any CPU.Build.0 = Debug|Any CPU
		{9508BA2E-7C9F-4444-833F-687584EBE10D}.Release|Any CPU.ActiveCfg = Release|Any CPU
		{9508BA2E-7C9F-4444-833F-687584EBE10D}.Release|Any CPU.Build.0 = Release|Any CPU
		{CE319749-487E-49F9-BB33-188BC429D407}.Debug|Any CPU.ActiveCfg = Debug|Any CPU
		{CE319749-487E-49F9-BB33-188BC429D407}.Debug|Any CPU.Build.0 = Debug|Any CPU
		{CE319749-487E-49F9-BB33-188BC429D407}.Release|Any CPU.ActiveCfg = Release|Any CPU
		{CE319749-487E-49F9-BB33-188BC429D407}.Release|Any CPU.Build.0 = Release|Any CPU
	EndGlobalSection
	GlobalSection(SolutionProperties) = preSolution
		HideSolutionNode = FALSE
	EndGlobalSection
	GlobalSection(ExtensibilityGlobals) = postSolution
		SolutionGuid = {091C1377-1B39-49D8-927F-72020B0A5136}
	EndGlobalSection
EndGlobal
